
Microsoft Visual Studio Solution File, Format Version 12.00
# Visual Studio Version 17
VisualStudioVersion = 17.4.33103.184
MinimumVisualStudioVersion = 10.0.40219.1
Project("{FAE04EC0-301F-11D3-BF4B-00C04F79EFBC}") = "LoanCalculator", "LoanCalculator.csproj", "{85338961-C6C6-45B1-A689-5F1CF109A97B}"
EndProject
Global
	GlobalSection(SolutionConfigurationPlatforms) = preSolution
		Debug|Any CPU = Debug|Any CPU
		Release|Any CPU = Release|Any CPU
	EndGlobalSection
	GlobalSection(ProjectConfigurationPlatforms) = postSolution
		{85338961-C6C6-45B1-A689-5F1CF109A97B}.Debug|Any CPU.ActiveCfg = Debug|Any CPU
		{85338961-C6C6-45B1-A689-5F1CF109A97B}.Debug|Any CPU.Build.0 = Debug|Any CPU
		{85338961-C6C6-45B1-A689-5F1CF109A97B}.Release|Any CPU.ActiveCfg = Release|Any CPU
		{85338961-C6C6-45B1-A689-5F1CF109A97B}.Release|Any CPU.Build.0 = Release|Any CPU
	EndGlobalSection
	GlobalSection(SolutionProperties) = preSolution
		HideSolutionNode = FALSE
	EndGlobalSection
	GlobalSection(ExtensibilityGlobals) = postSolution
		SolutionGuid = {0E7A4AAF-C701-4AFF-9ADB-6CE2EB00D78E}
	EndGlobalSection
EndGlobal
